
Microsoft Visual Studio Solution File, Format Version 12.00
# Visual Studio Version 16
VisualStudioVersion = 16.0.31205.134
MinimumVisualStudioVersion = 10.0.40219.1
Project("{FAE04EC0-301F-11D3-BF4B-00C04F79EFBC}") = "ReportTestWebApi", "ReportTestWebApi\ReportTestWebApi.csproj", "{42E05C6D-08AE-4E87-A449-0B31A391381D}"
EndProject
Global
	GlobalSection(SolutionConfigurationPlatforms) = preSolution
		Debug|Any CPU = Debug|Any CPU
		Release|Any CPU = Release|Any CPU
	EndGlobalSection
	GlobalSection(ProjectConfigurationPlatforms) = postSolution
		{42E05C6D-08AE-4E87-A449-0B31A391381D}.Debug|Any CPU.ActiveCfg = Debug|Any CPU
		{42E05C6D-08AE-4E87-A449-0B31A391381D}.Debug|Any CPU.Build.0 = Debug|Any CPU
		{42E05C6D-08AE-4E87-A449-0B31A391381D}.Release|Any CPU.ActiveCfg = Release|Any CPU
		{42E05C6D-08AE-4E87-A449-0B31A391381D}.Release|Any CPU.Build.0 = Release|Any CPU
	EndGlobalSection
	GlobalSection(SolutionProperties) = preSolution
		HideSolutionNode = FALSE
	EndGlobalSection
	GlobalSection(ExtensibilityGlobals) = postSolution
		SolutionGuid = {E0A80961-A6B6-4FF7-9E98-BD9E07A76614}
	EndGlobalSection
EndGlobal
